
Microsoft Visual Studio Solution File, Format Version 12.00
# Visual Studio Version 16
VisualStudioVersion = 16.0.30104.148
MinimumVisualStudioVersion = 10.0.40219.1
Project("{FAE04EC0-301F-11D3-BF4B-00C04F79EFBC}") = "Assignment 2 Arrays APP", "Assignment 2 Arrays APP\Assignment 2 Arrays APP.csproj", "{2001CBD5-9456-44AF-9236-0AAD3917DB1D}"
EndProject
Global
	GlobalSection(SolutionConfigurationPlatforms) = preSolution
		Debug|Any CPU = Debug|Any CPU
		Release|Any CPU = Release|Any CPU
	EndGlobalSection
	GlobalSection(ProjectConfigurationPlatforms) = postSolution
		{2001CBD5-9456-44AF-9236-0AAD3917DB1D}.Debug|Any CPU.ActiveCfg = Debug|Any CPU
		{2001CBD5-9456-44AF-9236-0AAD3917DB1D}.Debug|Any CPU.Build.0 = Debug|Any CPU
		{2001CBD5-9456-44AF-9236-0AAD3917DB1D}.Release|Any CPU.ActiveCfg = Release|Any CPU
		{2001CBD5-9456-44AF-9236-0AAD3917DB1D}.Release|Any CPU.Build.0 = Release|Any CPU
	EndGlobalSection
	GlobalSection(SolutionProperties) = preSolution
		HideSolutionNode = FALSE
	EndGlobalSection
	GlobalSection(ExtensibilityGlobals) = postSolution
		SolutionGuid = {C408C369-245E-4D28-BE79-CC45E4D3E4BC}
	EndGlobalSection
EndGlobal
